<?xml version="1.0" encoding="utf-8"?>
<Project ToolsVersion="4.0" xmlns="http://schemas.microsoft.com/developer/msbuild/2003">
  <ItemGroup>
    <Filter Include="Events">
      <UniqueIdentifier>{d08b9815-050e-4bac-bd1d-56e5b9449b3b}</UniqueIdentifier>
    </Filter>
  </ItemGroup>
  <ItemGroup>
    <ClCompile Include="Events\eventhandler.cpp">
      <Filter>Events</Filter>
    </ClCompile>
    <ClCompile Include="Events\eventsystem.cpp">
      <Filter>Events</Filter>
    </ClCompile>
  </ItemGroup>
  <ItemGroup>
    <ClInclude Include="Events\eventhandler.h">
      <Filter>Events</Filter>
    </ClInclude>
    <ClInclude Include="Events\eventsystem.h">
      <Filter>Events</Filter>
    </ClInclude>
  </ItemGroup>
</Project>